{
  "nodes": {
    "ce-programs": {
      "inputs": {
        "flake-utils": "flake-utils",
        "nixpkgs": "nixpkgs"
      },
      "locked": {
        "lastModified": 1768764817,
        "narHash": "sha256-U9Cs7GjKm6k+ToVqhmUj8WjMkyY/ofoegxcsKPFnPts=",
        "ref": "refs/heads/master",
        "rev": "aa1fdd9f229f54b5fbb66a7cb1c1dab725458a7f",
        "revCount": 169,
        "type": "git",
        "url": "https://codeberg.org/clevor/ce-programs"
      },
      "original": {
        "type": "git",
        "url": "https://codeberg.org/clevor/ce-programs"
      }
    },
    "flake-utils": {
      "inputs": {
        "systems": "systems"
      },
      "locked": {
        "lastModified": 1731533236,
        "narHash": "sha256-l0KFg5HjrsfsO/JpG+r7fRrqm12kzFHyUHqHCVpMMbI=",
        "owner": "numtide",
        "repo": "flake-utils",
        "rev": "11707dc2f618dd54ca8739b309ec4fc024de578b",
        "type": "github"
      },
      "original": {
        "owner": "numtide",
        "repo": "flake-utils",
        "type": "github"
      }
    },
    "flake-utils_2": {
      "inputs": {
        "systems": "systems_2"
      },
      "locked": {
        "lastModified": 1731533236,
        "narHash": "sha256-l0KFg5HjrsfsO/JpG+r7fRrqm12kzFHyUHqHCVpMMbI=",
        "owner": "numtide",
        "repo": "flake-utils",
        "rev": "11707dc2f618dd54ca8739b309ec4fc024de578b",
        "type": "github"
      },
      "original": {
        "owner": "numtide",
        "repo": "flake-utils",
        "type": "github"
      }
    },
    "home-manager": {
      "inputs": {
        "nixpkgs": [
          "nixpkgs"
        ]
      },
      "locked": {
        "lastModified": 1768770171,
        "narHash": "sha256-JPmLGZgdWa8QcQbbtBqyZhpmxIHZ3lUO48laERjw+4k=",
        "owner": "nix-community",
        "repo": "home-manager",
        "rev": "521d5ea1a229ba315dd1cceaf869946ddcc83d36",
        "type": "github"
      },
      "original": {
        "owner": "nix-community",
        "repo": "home-manager",
        "type": "github"
      }
    },
    "narser": {
      "inputs": {
        "flake-utils": "flake-utils_2",
        "nixpkgs": "nixpkgs_2",
        "zig-src": "zig-src"
      },
      "locked": {
        "lastModified": 1767914337,
        "narHash": "sha256-Abl33tGb5nqe5w2acqVdjYobCTZvs40Mi/YxPmXPUiU=",
        "ref": "refs/heads/master",
        "rev": "ae0c6a062b89219d1a7b86e2e403dfe3d45738a4",
        "revCount": 132,
        "type": "git",
        "url": "https://codeberg.org/clevor/narser"
      },
      "original": {
        "type": "git",
        "url": "https://codeberg.org/clevor/narser"
      }
    },
    "nixos-hardware": {
      "locked": {
        "lastModified": 1768736227,
        "narHash": "sha256-qgGq7CfrYKc3IBYQ7qp0Z/ZXndQVC5Bj0N8HW9mS2rM=",
        "owner": "NixOS",
        "repo": "nixos-hardware",
        "rev": "d447553bcbc6a178618d37e61648b19e744370df",
        "type": "github"
      },
      "original": {
        "owner": "NixOS",
        "repo": "nixos-hardware",
        "type": "github"
      }
    },
    "nixos-mobile": {
      "flake": false,
      "locked": {
        "lastModified": 1763065138,
        "narHash": "sha256-46lJeUYH8YrfTccAoKQbO9lprq4dlo9VVLk+StPBSWM=",
        "owner": "mobile-nixos",
        "repo": "mobile-nixos",
        "rev": "1943b7b06fcd1a2c87f4b89df58231915cc2ca44",
        "type": "github"
      },
      "original": {
        "owner": "mobile-nixos",
        "repo": "mobile-nixos",
        "type": "github"
      }
    },
    "nixpkgs": {
      "locked": {
        "lastModified": 1758427187,
        "narHash": "sha256-pHpxZ/IyCwoTQPtFIAG2QaxuSm8jWzrzBGjwQZIttJc=",
        "owner": "NixOS",
        "repo": "nixpkgs",
        "rev": "554be6495561ff07b6c724047bdd7e0716aa7b46",
        "type": "github"
      },
      "original": {
        "owner": "NixOS",
        "ref": "nixos-unstable",
        "repo": "nixpkgs",
        "type": "github"
      }
    },
    "nixpkgs_2": {
      "locked": {
        "lastModified": 1767767207,
        "narHash": "sha256-Mj3d3PfwltLmukFal5i3fFt27L6NiKXdBezC1EBuZs4=",
        "owner": "NixOS",
        "repo": "nixpkgs",
        "rev": "5912c1772a44e31bf1c63c0390b90501e5026886",
        "type": "github"
      },
      "original": {
        "owner": "NixOS",
        "ref": "nixos-unstable",
        "repo": "nixpkgs",
        "type": "github"
      }
    },
    "nixpkgs_3": {
      "locked": {
        "lastModified": 1768564909,
        "narHash": "sha256-Kell/SpJYVkHWMvnhqJz/8DqQg2b6PguxVWOuadbHCc=",
        "owner": "NixOS",
        "repo": "nixpkgs",
        "rev": "e4bae1bd10c9c57b2cf517953ab70060a828ee6f",
        "type": "github"
      },
      "original": {
        "owner": "NixOS",
        "ref": "nixos-unstable",
        "repo": "nixpkgs",
        "type": "github"
      }
    },
    "root": {
      "inputs": {
        "ce-programs": "ce-programs",
        "home-manager": "home-manager",
        "narser": "narser",
        "nixos-hardware": "nixos-hardware",
        "nixos-mobile": "nixos-mobile",
        "nixpkgs": "nixpkgs_3",
        "wallpapers": "wallpapers",
        "wl-gammarelay": "wl-gammarelay"
      }
    },
    "systems": {
      "locked": {
        "lastModified": 1681028828,
        "narHash": "sha256-Vy1rq5AaRuLzOxct8nz4T6wlgyUR7zLU309k9mBC768=",
        "owner": "nix-systems",
        "repo": "default",
        "rev": "da67096a3b9bf56a91d16901293e51ba5b49a27e",
        "type": "github"
      },
      "original": {
        "owner": "nix-systems",
        "repo": "default",
        "type": "github"
      }
    },
    "systems_2": {
      "locked": {
        "lastModified": 1681028828,
        "narHash": "sha256-Vy1rq5AaRuLzOxct8nz4T6wlgyUR7zLU309k9mBC768=",
        "owner": "nix-systems",
        "repo": "default",
        "rev": "da67096a3b9bf56a91d16901293e51ba5b49a27e",
        "type": "github"
      },
      "original": {
        "owner": "nix-systems",
        "repo": "default",
        "type": "github"
      }
    },
    "wallpapers": {
      "flake": false,
      "locked": {
        "lastModified": 1764685360,
        "narHash": "sha256-oqGi4Vj7jFLZI0kIn1+1+oxdoy4k4L6qyz3a8QgX+hg=",
        "owner": "ParrotSec",
        "repo": "parrot-wallpapers",
        "rev": "4d74f37fdff1ef0948beab608e537c294d82c280",
        "type": "github"
      },
      "original": {
        "owner": "ParrotSec",
        "repo": "parrot-wallpapers",
        "type": "github"
      }
    },
    "wl-gammarelay": {
      "flake": false,
      "locked": {
        "lastModified": 1740427128,
        "narHash": "sha256-XD9BKaNfxH02Fi7szs23HSfLsTbcUlxw30lZTTDOv+E=",
        "owner": "jeremija",
        "repo": "wl-gammarelay",
        "rev": "cc38c8668d8d1af1df41fec24c4dc4aaa9afd2bf",
        "type": "github"
      },
      "original": {
        "owner": "jeremija",
        "repo": "wl-gammarelay",
        "type": "github"
      }
    },
    "zig-src": {
      "flake": false,
      "locked": {
        "lastModified": 1767908147,
        "narHash": "sha256-+SdOPAz/IHXbJGMZBjdHRjI8tz9nou1G4jOY4bviJ5U=",
        "ref": "refs/heads/master",
        "rev": "ecea8cc16d783518d38c1022278336b422215232",
        "revCount": 36679,
        "type": "git",
        "url": "https://codeberg.org/ziglang/zig"
      },
      "original": {
        "type": "git",
        "url": "https://codeberg.org/ziglang/zig"
      }
    }
  },
  "root": "root",
  "version": 7
}
