{
  "nodes": {
    "flake-utils": {
      "inputs": {
        "systems": "systems"
      },
      "locked": {
        "lastModified": 1731533236,
        "narHash": "sha256-l0KFg5HjrsfsO/JpG+r7fRrqm12kzFHyUHqHCVpMMbI=",
        "owner": "numtide",
        "repo": "flake-utils",
        "rev": "11707dc2f618dd54ca8739b309ec4fc024de578b",
        "type": "github"
      },
      "original": {
        "owner": "numtide",
        "repo": "flake-utils",
        "type": "github"
      }
    },
    "home-manager": {
      "inputs": {
        "nixpkgs": [
          "nixpkgs"
        ]
      },
      "locked": {
        "lastModified": 1750304462,
        "narHash": "sha256-Mj5t4yX05/rXnRqJkpoLZTWqgStB88Mr/fegTRqyiWc=",
        "owner": "nix-community",
        "repo": "home-manager",
        "rev": "863842639722dd12ae9e37ca83bcb61a63b36f6c",
        "type": "github"
      },
      "original": {
        "owner": "nix-community",
        "repo": "home-manager",
        "type": "github"
      }
    },
    "narser": {
      "inputs": {
        "flake-utils": "flake-utils",
        "nixpkgs": "nixpkgs"
      },
      "locked": {
        "lastModified": 1750352285,
        "narHash": "sha256-EgMX39RsJ/DQ5QdqMBkrddQ5BqbG3O+iyDrUoBDLsUg=",
        "owner": "myclevorname",
        "repo": "narser",
        "rev": "b541272252b6e0ded0a7b443832ffa5422e9bd6f",
        "type": "github"
      },
      "original": {
        "owner": "myclevorname",
        "repo": "narser",
        "type": "github"
      }
    },
    "nixos-hardware": {
      "locked": {
        "lastModified": 1750431636,
        "narHash": "sha256-vnzzBDbCGvInmfn2ijC4HsIY/3W1CWbwS/YQoFgdgPg=",
        "owner": "NixOS",
        "repo": "nixos-hardware",
        "rev": "1552a9f4513f3f0ceedcf90320e48d3d47165712",
        "type": "github"
      },
      "original": {
        "owner": "NixOS",
        "repo": "nixos-hardware",
        "type": "github"
      }
    },
    "nixpkgs": {
      "locked": {
        "lastModified": 1748370509,
        "narHash": "sha256-QlL8slIgc16W5UaI3w7xHQEP+Qmv/6vSNTpoZrrSlbk=",
        "owner": "NixOS",
        "repo": "nixpkgs",
        "rev": "4faa5f5321320e49a78ae7848582f684d64783e9",
        "type": "github"
      },
      "original": {
        "owner": "NixOS",
        "ref": "nixos-unstable",
        "repo": "nixpkgs",
        "type": "github"
      }
    },
    "nixpkgs_2": {
      "locked": {
        "lastModified": 1750365781,
        "narHash": "sha256-XE/lFNhz5lsriMm/yjXkvSZz5DfvKJLUjsS6pP8EC50=",
        "owner": "NixOS",
        "repo": "nixpkgs",
        "rev": "08f22084e6085d19bcfb4be30d1ca76ecb96fe54",
        "type": "github"
      },
      "original": {
        "owner": "NixOS",
        "ref": "nixos-unstable",
        "repo": "nixpkgs",
        "type": "github"
      }
    },
    "root": {
      "inputs": {
        "home-manager": "home-manager",
        "narser": "narser",
        "nixos-hardware": "nixos-hardware",
        "nixpkgs": "nixpkgs_2",
        "tilp-pkgs": "tilp-pkgs",
        "wallpapers": "wallpapers",
        "wl-gammarelay": "wl-gammarelay"
      }
    },
    "systems": {
      "locked": {
        "lastModified": 1681028828,
        "narHash": "sha256-Vy1rq5AaRuLzOxct8nz4T6wlgyUR7zLU309k9mBC768=",
        "owner": "nix-systems",
        "repo": "default",
        "rev": "da67096a3b9bf56a91d16901293e51ba5b49a27e",
        "type": "github"
      },
      "original": {
        "owner": "nix-systems",
        "repo": "default",
        "type": "github"
      }
    },
    "tilp-pkgs": {
      "locked": {
        "lastModified": 1732824751,
        "narHash": "sha256-jFf3D6XKlC3EaZ3Yk2o0m/DDbQL86lXmWG/d4ep+vBo=",
        "owner": "myclevorname",
        "repo": "nixpkgs",
        "rev": "1508c6ea45554bc049606a80e7b2d7f83303d940",
        "type": "github"
      },
      "original": {
        "owner": "myclevorname",
        "ref": "tilp2",
        "repo": "nixpkgs",
        "type": "github"
      }
    },
    "wallpapers": {
      "flake": false,
      "locked": {
        "lastModified": 1725656779,
        "narHash": "sha256-ov1Fl9yqGCVVqXRhgGTLfxvFbXmNB7WiLCqWAe44Gpw=",
        "owner": "ParrotSec",
        "repo": "parrot-wallpapers",
        "rev": "bd18597d4378377fd99aa762ccc79eaa85bf70cc",
        "type": "github"
      },
      "original": {
        "owner": "ParrotSec",
        "repo": "parrot-wallpapers",
        "type": "github"
      }
    },
    "wl-gammarelay": {
      "flake": false,
      "locked": {
        "lastModified": 1740427128,
        "narHash": "sha256-XD9BKaNfxH02Fi7szs23HSfLsTbcUlxw30lZTTDOv+E=",
        "owner": "jeremija",
        "repo": "wl-gammarelay",
        "rev": "cc38c8668d8d1af1df41fec24c4dc4aaa9afd2bf",
        "type": "github"
      },
      "original": {
        "owner": "jeremija",
        "repo": "wl-gammarelay",
        "type": "github"
      }
    }
  },
  "root": "root",
  "version": 7
}
