{
  "nodes": {
    "ce-programs": {
      "inputs": {
        "flake-utils": "flake-utils",
        "nixpkgs": "nixpkgs"
      },
      "locked": {
        "lastModified": 1769640845,
        "narHash": "sha256-A2dsW9jCFuhR0llLFc7nFt9GkwVvR2IdgBfNDEv3xU0=",
        "ref": "refs/heads/master",
        "rev": "c28a6841e0fb57e4392672db346363461c0dfce7",
        "revCount": 178,
        "type": "git",
        "url": "https://codeberg.org/clevor/ce-programs"
      },
      "original": {
        "type": "git",
        "url": "https://codeberg.org/clevor/ce-programs"
      }
    },
    "flake-utils": {
      "inputs": {
        "systems": "systems"
      },
      "locked": {
        "lastModified": 1731533236,
        "narHash": "sha256-l0KFg5HjrsfsO/JpG+r7fRrqm12kzFHyUHqHCVpMMbI=",
        "owner": "numtide",
        "repo": "flake-utils",
        "rev": "11707dc2f618dd54ca8739b309ec4fc024de578b",
        "type": "github"
      },
      "original": {
        "owner": "numtide",
        "repo": "flake-utils",
        "type": "github"
      }
    },
    "flake-utils_2": {
      "inputs": {
        "systems": "systems_2"
      },
      "locked": {
        "lastModified": 1731533236,
        "narHash": "sha256-l0KFg5HjrsfsO/JpG+r7fRrqm12kzFHyUHqHCVpMMbI=",
        "owner": "numtide",
        "repo": "flake-utils",
        "rev": "11707dc2f618dd54ca8739b309ec4fc024de578b",
        "type": "github"
      },
      "original": {
        "owner": "numtide",
        "repo": "flake-utils",
        "type": "github"
      }
    },
    "home-manager": {
      "inputs": {
        "nixpkgs": [
          "nixpkgs"
        ]
      },
      "locked": {
        "lastModified": 1769723138,
        "narHash": "sha256-kgkwjs33YfJasADIrHjHcTIDs3wNX0xzJhnUP+oldEw=",
        "owner": "nix-community",
        "repo": "home-manager",
        "rev": "175532b6275b34598a0ceb1aef4b9b4006dd4073",
        "type": "github"
      },
      "original": {
        "owner": "nix-community",
        "repo": "home-manager",
        "type": "github"
      }
    },
    "narser": {
      "inputs": {
        "flake-utils": "flake-utils_2",
        "nixpkgs": "nixpkgs_2",
        "zig-src": "zig-src"
      },
      "locked": {
        "lastModified": 1769478561,
        "narHash": "sha256-EAelKDPwiRNe0P9OP8tWmQ7o8pYD2BCPMhtjBfevICY=",
        "ref": "refs/heads/master",
        "rev": "edac3a90ac598e6d15d6b3779d5c0c8d7ecbd609",
        "revCount": 144,
        "type": "git",
        "url": "https://codeberg.org/clevor/narser"
      },
      "original": {
        "type": "git",
        "url": "https://codeberg.org/clevor/narser"
      }
    },
    "nixos-hardware": {
      "locked": {
        "lastModified": 1769302137,
        "narHash": "sha256-QEDtctEkOsbx8nlFh4yqPEOtr4tif6KTqWwJ37IM2ds=",
        "owner": "NixOS",
        "repo": "nixos-hardware",
        "rev": "a351494b0e35fd7c0b7a1aae82f0afddf4907aa8",
        "type": "github"
      },
      "original": {
        "owner": "NixOS",
        "repo": "nixos-hardware",
        "type": "github"
      }
    },
    "nixos-mobile": {
      "flake": false,
      "locked": {
        "lastModified": 1763065138,
        "narHash": "sha256-46lJeUYH8YrfTccAoKQbO9lprq4dlo9VVLk+StPBSWM=",
        "owner": "mobile-nixos",
        "repo": "mobile-nixos",
        "rev": "1943b7b06fcd1a2c87f4b89df58231915cc2ca44",
        "type": "github"
      },
      "original": {
        "owner": "mobile-nixos",
        "repo": "mobile-nixos",
        "type": "github"
      }
    },
    "nixpkgs": {
      "locked": {
        "lastModified": 1758427187,
        "narHash": "sha256-pHpxZ/IyCwoTQPtFIAG2QaxuSm8jWzrzBGjwQZIttJc=",
        "owner": "NixOS",
        "repo": "nixpkgs",
        "rev": "554be6495561ff07b6c724047bdd7e0716aa7b46",
        "type": "github"
      },
      "original": {
        "owner": "NixOS",
        "ref": "nixos-unstable",
        "repo": "nixpkgs",
        "type": "github"
      }
    },
    "nixpkgs_2": {
      "locked": {
        "lastModified": 1769018530,
        "narHash": "sha256-MJ27Cy2NtBEV5tsK+YraYr2g851f3Fl1LpNHDzDX15c=",
        "owner": "NixOS",
        "repo": "nixpkgs",
        "rev": "88d3861acdd3d2f0e361767018218e51810df8a1",
        "type": "github"
      },
      "original": {
        "owner": "NixOS",
        "ref": "nixos-unstable",
        "repo": "nixpkgs",
        "type": "github"
      }
    },
    "nixpkgs_3": {
      "locked": {
        "lastModified": 1769461804,
        "narHash": "sha256-msG8SU5WsBUfVVa/9RPLaymvi5bI8edTavbIq3vRlhI=",
        "owner": "NixOS",
        "repo": "nixpkgs",
        "rev": "bfc1b8a4574108ceef22f02bafcf6611380c100d",
        "type": "github"
      },
      "original": {
        "owner": "NixOS",
        "ref": "nixos-unstable",
        "repo": "nixpkgs",
        "type": "github"
      }
    },
    "root": {
      "inputs": {
        "ce-programs": "ce-programs",
        "home-manager": "home-manager",
        "narser": "narser",
        "nixos-hardware": "nixos-hardware",
        "nixos-mobile": "nixos-mobile",
        "nixpkgs": "nixpkgs_3",
        "wallpapers": "wallpapers",
        "wl-gammarelay": "wl-gammarelay"
      }
    },
    "systems": {
      "locked": {
        "lastModified": 1681028828,
        "narHash": "sha256-Vy1rq5AaRuLzOxct8nz4T6wlgyUR7zLU309k9mBC768=",
        "owner": "nix-systems",
        "repo": "default",
        "rev": "da67096a3b9bf56a91d16901293e51ba5b49a27e",
        "type": "github"
      },
      "original": {
        "owner": "nix-systems",
        "repo": "default",
        "type": "github"
      }
    },
    "systems_2": {
      "locked": {
        "lastModified": 1681028828,
        "narHash": "sha256-Vy1rq5AaRuLzOxct8nz4T6wlgyUR7zLU309k9mBC768=",
        "owner": "nix-systems",
        "repo": "default",
        "rev": "da67096a3b9bf56a91d16901293e51ba5b49a27e",
        "type": "github"
      },
      "original": {
        "owner": "nix-systems",
        "repo": "default",
        "type": "github"
      }
    },
    "wallpapers": {
      "flake": false,
      "locked": {
        "lastModified": 1764685360,
        "narHash": "sha256-oqGi4Vj7jFLZI0kIn1+1+oxdoy4k4L6qyz3a8QgX+hg=",
        "owner": "ParrotSec",
        "repo": "parrot-wallpapers",
        "rev": "4d74f37fdff1ef0948beab608e537c294d82c280",
        "type": "github"
      },
      "original": {
        "owner": "ParrotSec",
        "repo": "parrot-wallpapers",
        "type": "github"
      }
    },
    "wl-gammarelay": {
      "flake": false,
      "locked": {
        "lastModified": 1740427128,
        "narHash": "sha256-XD9BKaNfxH02Fi7szs23HSfLsTbcUlxw30lZTTDOv+E=",
        "owner": "jeremija",
        "repo": "wl-gammarelay",
        "rev": "cc38c8668d8d1af1df41fec24c4dc4aaa9afd2bf",
        "type": "github"
      },
      "original": {
        "owner": "jeremija",
        "repo": "wl-gammarelay",
        "type": "github"
      }
    },
    "zig-src": {
      "flake": false,
      "locked": {
        "lastModified": 1769117308,
        "narHash": "sha256-eBiWynGn0i3zzcJjIudMIFW7g8j8F4cd1vWmMykKYFg=",
        "ref": "refs/heads/master",
        "rev": "305fd06756d0a90e330c957d85738f195b94bc10",
        "revCount": 36858,
        "type": "git",
        "url": "https://codeberg.org/ziglang/zig"
      },
      "original": {
        "type": "git",
        "url": "https://codeberg.org/ziglang/zig"
      }
    }
  },
  "root": "root",
  "version": 7
}
